
Microsoft Visual Studio Solution File, Format Version 12.00
Project("{2150E333-8FDC-42A3-9474-1A3956D46DE8}") = "src", "src", "{98104F68-4324-47C0-912C-0591D149EA48}"
EndProject
Project("{2150E333-8FDC-42A3-9474-1A3956D46DE8}") = "tests", "tests", "{69982FE6-5EE1-4B8E-A8C6-3FED373BB788}"
EndProject
Project("{2150E333-8FDC-42A3-9474-1A3956D46DE8}") = "BFFs", "BFFs", "{8874F1EA-B8ED-4D29-81AE-CFECC171EB5E}"
EndProject
Project("{FAE04EC0-301F-11D3-BF4B-00C04F79EFBC}") = "CreditCard.Proposals.BFF", "CreditCard.Proposals.BFF\CreditCard.Proposals.BFF.csproj", "{0787D807-E3F7-448E-AB14-70FE5D730780}"
EndProject
Global
	GlobalSection(SolutionConfigurationPlatforms) = preSolution
		Debug|Any CPU = Debug|Any CPU
		Release|Any CPU = Release|Any CPU
	EndGlobalSection
	GlobalSection(NestedProjects) = preSolution
		{8874F1EA-B8ED-4D29-81AE-CFECC171EB5E} = {98104F68-4324-47C0-912C-0591D149EA48}
		{0787D807-E3F7-448E-AB14-70FE5D730780} = {8874F1EA-B8ED-4D29-81AE-CFECC171EB5E}
	EndGlobalSection
	GlobalSection(ProjectConfigurationPlatforms) = postSolution
		{0787D807-E3F7-448E-AB14-70FE5D730780}.Debug|Any CPU.ActiveCfg = Debug|Any CPU
		{0787D807-E3F7-448E-AB14-70FE5D730780}.Debug|Any CPU.Build.0 = Debug|Any CPU
		{0787D807-E3F7-448E-AB14-70FE5D730780}.Release|Any CPU.ActiveCfg = Release|Any CPU
		{0787D807-E3F7-448E-AB14-70FE5D730780}.Release|Any CPU.Build.0 = Release|Any CPU
	EndGlobalSection
EndGlobal
